Microsoft Visual Studio Solution File, Format Version 11.00
# Visual Studio 2008

Project("{ECD47E94-A355-0F16-6C9A-6867EB47AD0C}") = "CLTPOC", "Assembly-CSharp.csproj", "{03C3D684-506A-419E-50CC-60A894F38C69}"
EndProject
Global
	GlobalSection(SolutionConfigurationPlatforms) = preSolution
		Debug|Any CPU = Debug|Any CPU
		Release|Any CPU = Release|Any CPU
	EndGlobalSection
	GlobalSection(ProjectConfigurationPlatforms) = postSolution
		{03C3D684-506A-419E-50CC-60A894F38C69}.Debug|Any CPU.ActiveCfg = Debug|Any CPU
		{03C3D684-506A-419E-50CC-60A894F38C69}.Debug|Any CPU.Build.0 = Debug|Any CPU
		{03C3D684-506A-419E-50CC-60A894F38C69}.Release|Any CPU.ActiveCfg = Release|Any CPU
		{03C3D684-506A-419E-50CC-60A894F38C69}.Release|Any CPU.Build.0 = Release|Any CPU
	EndGlobalSection
	GlobalSection(SolutionProperties) = preSolution
		HideSolutionNode = FALSE
	EndGlobalSection
	GlobalSection(MonoDevelopProperties) = preSolution
		StartupItem = Assembly-CSharp.csproj
	EndGlobalSection
EndGlobal
